
Microsoft Visual Studio Solution File, Format Version 12.00
# Visual Studio Version 17
VisualStudioVersion = 17.0.31912.275
MinimumVisualStudioVersion = 10.0.40219.1
Project("{FAE04EC0-301F-11D3-BF4B-00C04F79EFBC}") = "SocketServer", "SocketServer\SocketServer.csproj", "{AC26B366-DE4B-4DB7-B8AD-FBCE7F78E9FF}"
EndProject
Global
	GlobalSection(SolutionConfigurationPlatforms) = preSolution
		Debug|Any CPU = Debug|Any CPU
		Release|Any CPU = Release|Any CPU
	EndGlobalSection
	GlobalSection(ProjectConfigurationPlatforms) = postSolution
		{AC26B366-DE4B-4DB7-B8AD-FBCE7F78E9FF}.Debug|Any CPU.ActiveCfg = Debug|Any CPU
		{AC26B366-DE4B-4DB7-B8AD-FBCE7F78E9FF}.Debug|Any CPU.Build.0 = Debug|Any CPU
		{AC26B366-DE4B-4DB7-B8AD-FBCE7F78E9FF}.Release|Any CPU.ActiveCfg = Release|Any CPU
		{AC26B366-DE4B-4DB7-B8AD-FBCE7F78E9FF}.Release|Any CPU.Build.0 = Release|Any CPU
	EndGlobalSection
	GlobalSection(SolutionProperties) = preSolution
		HideSolutionNode = FALSE
	EndGlobalSection
	GlobalSection(ExtensibilityGlobals) = postSolution
		SolutionGuid = {2CB6195A-D95E-4B18-8687-31528504E38A}
	EndGlobalSection
EndGlobal
